
Microsoft Visual Studio Solution File, Format Version 12.00
# Visual Studio Version 16
VisualStudioVersion = 16.0.31729.503
MinimumVisualStudioVersion = 10.0.40219.1
Project("{FAE04EC0-301F-11D3-BF4B-00C04F79EFBC}") = "MyFullName", "MyFullName\MyFullName.csproj", "{EC7AA8DB-B27C-4694-B039-0857AD445EA2}"
EndProject
Global
	GlobalSection(SolutionConfigurationPlatforms) = preSolution
		Debug|Any CPU = Debug|Any CPU
		Release|Any CPU = Release|Any CPU
	EndGlobalSection
	GlobalSection(ProjectConfigurationPlatforms) = postSolution
		{EC7AA8DB-B27C-4694-B039-0857AD445EA2}.Debug|Any CPU.ActiveCfg = Debug|Any CPU
		{EC7AA8DB-B27C-4694-B039-0857AD445EA2}.Debug|Any CPU.Build.0 = Debug|Any CPU
		{EC7AA8DB-B27C-4694-B039-0857AD445EA2}.Release|Any CPU.ActiveCfg = Release|Any CPU
		{EC7AA8DB-B27C-4694-B039-0857AD445EA2}.Release|Any CPU.Build.0 = Release|Any CPU
	EndGlobalSection
	GlobalSection(SolutionProperties) = preSolution
		HideSolutionNode = FALSE
	EndGlobalSection
	GlobalSection(ExtensibilityGlobals) = postSolution
		SolutionGuid = {A0737281-B567-48FA-BC6A-A341AA259B34}
	EndGlobalSection
EndGlobal
